
Microsoft Visual Studio Solution File, Format Version 12.00
# Visual Studio Version 17
VisualStudioVersion = 17.9.34622.214
MinimumVisualStudioVersion = 10.0.40219.1
Project("{9A19103F-16F7-4668-BE54-9A1E7A4F7556}") = "BotCore", "BotCore\BotCore.csproj", "{017E6D05-755F-4CA3-9D28-36A24777590E}"
EndProject
Project("{9A19103F-16F7-4668-BE54-9A1E7A4F7556}") = "ScrapNews", "ScrapNews\ScrapNews.csproj", "{167F2E3F-936F-44B6-B471-7C700A2FAB81}"
EndProject
Project("{9A19103F-16F7-4668-BE54-9A1E7A4F7556}") = "SequenceScheduler", "SequenceScheduler\SequenceScheduler.csproj", "{42D422C9-64E1-4D12-B5C7-16DF84AC3889}"
EndProject
Project("{FAE04EC0-301F-11D3-BF4B-00C04F79EFBC}") = "LlmSession", "LlmSession\LlmSession.csproj", "{D142EC8F-ECD8-4F9C-9F31-E50A5FB13B2B}"
EndProject
Global
	GlobalSection(SolutionConfigurationPlatforms) = preSolution
		Debug|Any CPU = Debug|Any CPU
		Release|Any CPU = Release|Any CPU
	EndGlobalSection
	GlobalSection(ProjectConfigurationPlatforms) = postSolution
		{017E6D05-755F-4CA3-9D28-36A24777590E}.Debug|Any CPU.ActiveCfg = Debug|Any CPU
		{017E6D05-755F-4CA3-9D28-36A24777590E}.Debug|Any CPU.Build.0 = Debug|Any CPU
		{017E6D05-755F-4CA3-9D28-36A24777590E}.Release|Any CPU.ActiveCfg = Release|Any CPU
		{017E6D05-755F-4CA3-9D28-36A24777590E}.Release|Any CPU.Build.0 = Release|Any CPU
		{167F2E3F-936F-44B6-B471-7C700A2FAB81}.Debug|Any CPU.ActiveCfg = Debug|Any CPU
		{167F2E3F-936F-44B6-B471-7C700A2FAB81}.Debug|Any CPU.Build.0 = Debug|Any CPU
		{167F2E3F-936F-44B6-B471-7C700A2FAB81}.Release|Any CPU.ActiveCfg = Release|Any CPU
		{167F2E3F-936F-44B6-B471-7C700A2FAB81}.Release|Any CPU.Build.0 = Release|Any CPU
		{42D422C9-64E1-4D12-B5C7-16DF84AC3889}.Debug|Any CPU.ActiveCfg = Debug|Any CPU
		{42D422C9-64E1-4D12-B5C7-16DF84AC3889}.Debug|Any CPU.Build.0 = Debug|Any CPU
		{42D422C9-64E1-4D12-B5C7-16DF84AC3889}.Release|Any CPU.ActiveCfg = Release|Any CPU
		{42D422C9-64E1-4D12-B5C7-16DF84AC3889}.Release|Any CPU.Build.0 = Release|Any CPU
		{D142EC8F-ECD8-4F9C-9F31-E50A5FB13B2B}.Debug|Any CPU.ActiveCfg = Debug|Any CPU
		{D142EC8F-ECD8-4F9C-9F31-E50A5FB13B2B}.Debug|Any CPU.Build.0 = Debug|Any CPU
		{D142EC8F-ECD8-4F9C-9F31-E50A5FB13B2B}.Release|Any CPU.ActiveCfg = Release|Any CPU
		{D142EC8F-ECD8-4F9C-9F31-E50A5FB13B2B}.Release|Any CPU.Build.0 = Release|Any CPU
	EndGlobalSection
	GlobalSection(SolutionProperties) = preSolution
		HideSolutionNode = FALSE
	EndGlobalSection
	GlobalSection(ExtensibilityGlobals) = postSolution
		SolutionGuid = {87FE44FB-0B96-4A01-B81A-B3F125884F13}
	EndGlobalSection
EndGlobal
